
Microsoft Visual Studio Solution File, Format Version 12.00
# Visual Studio 14
VisualStudioVersion = 14.0.23107.0
MinimumVisualStudioVersion = 10.0.40219.1
Project("{888888A0-9F3D-457C-B088-3A5042F75D52}") = "RSS_to_mail", "RSS_to_mail\RSS_to_mail.pyproj", "{AAA874CE-6F7D-4337-9940-A0E5DE9F3EAB}"
EndProject
Global
	GlobalSection(SolutionConfigurationPlatforms) = preSolution
		Debug|Any CPU = Debug|Any CPU
		Release|Any CPU = Release|Any CPU
	EndGlobalSection
	GlobalSection(ProjectConfigurationPlatforms) = postSolution
		{AAA874CE-6F7D-4337-9940-A0E5DE9F3EAB}.Debug|Any CPU.ActiveCfg = Debug|Any CPU
		{AAA874CE-6F7D-4337-9940-A0E5DE9F3EAB}.Release|Any CPU.ActiveCfg = Release|Any CPU
	EndGlobalSection
	GlobalSection(SolutionProperties) = preSolution
		HideSolutionNode = FALSE
	EndGlobalSection
EndGlobal
